
Microsoft Visual Studio Solution File, Format Version 12.00
# Visual Studio 15
VisualStudioVersion = 15.0.26730.16
MinimumVisualStudioVersion = 10.0.40219.1
Project("{9A19103F-16F7-4668-BE54-9A1E7A4F7556}") = "Automaty.Core", "src\Automaty.Core\Automaty.Core.csproj", "{220952CC-7296-4C6F-8033-AAFF13630D46}"
EndProject
Project("{2150E333-8FDC-42A3-9474-1A3956D46DE8}") = "src", "src", "{874F5886-0CC4-41FB-8499-55A489F9E06E}"
EndProject
Project("{9A19103F-16F7-4668-BE54-9A1E7A4F7556}") = "Automaty.MSBuild", "src\Automaty.MSBuild\Automaty.MSBuild.csproj", "{1C5CA41F-81E1-42B0-9276-FCE3293B046C}"
EndProject
Project("{2150E333-8FDC-42A3-9474-1A3956D46DE8}") = "samples", "samples", "{9D11DE25-2EFE-4C76-8A16-9DC3D5445E6A}"
EndProject
Project("{9A19103F-16F7-4668-BE54-9A1E7A4F7556}") = "Automaty.Samples.EFCore.MSBuild", "samples\Automaty.Samples.EFCore.MSBuild\Automaty.Samples.EFCore.MSBuild.csproj", "{B11CD0DD-9572-44AD-A5A9-6F328A594296}"
EndProject
Project("{9A19103F-16F7-4668-BE54-9A1E7A4F7556}") = "Automaty.DotNetCli", "src\Automaty.DotNetCli\Automaty.DotNetCli.csproj", "{EE2FB8B2-5C40-4180-A274-6CCED8BD3AC9}"
EndProject
Project("{9A19103F-16F7-4668-BE54-9A1E7A4F7556}") = "Automaty.Common", "src\Automaty.Common\Automaty.Common.csproj", "{E2EB09E7-0FCB-41F7-9F7C-22E75593D8E8}"
EndProject
Project("{9A19103F-16F7-4668-BE54-9A1E7A4F7556}") = "Automaty.Samples.HelloWorld", "samples\Automaty.Samples.HelloWorld\Automaty.Samples.HelloWorld.csproj", "{9F69ECDE-7BBD-4F4E-A5FD-DCCDDDE4E82A}"
EndProject
Project("{9A19103F-16F7-4668-BE54-9A1E7A4F7556}") = "Automaty.Samples.HelloWorld.NuGet", "samples\Automaty.Samples.HelloWorld.NuGet\Automaty.Samples.HelloWorld.NuGet.csproj", "{601FABEF-FC41-42FD-95D0-C4E13212C246}"
EndProject
Project("{9A19103F-16F7-4668-BE54-9A1E7A4F7556}") = "Automaty.Samples.HelloWorld.MSBuild", "samples\Automaty.Samples.HelloWorld.MSBuild\Automaty.Samples.HelloWorld.MSBuild.csproj", "{9596E161-F6A4-4A75-AE82-8E45F65499C7}"
EndProject
Project("{2150E333-8FDC-42A3-9474-1A3956D46DE8}") = "test", "test", "{8B9BC527-C055-4293-A167-F66187643822}"
EndProject
Project("{9A19103F-16F7-4668-BE54-9A1E7A4F7556}") = "Automaty.Samples.Test", "test\Automaty.Samples.Test\Automaty.Samples.Test.csproj", "{EA26EABC-DE86-45EE-94E7-7AF939D9F00A}"
EndProject
Project("{9A19103F-16F7-4668-BE54-9A1E7A4F7556}") = "Automaty.Samples.HelloWorld.ProjectReference", "samples\Automaty.Samples.HelloWorld.ProjectReference\Automaty.Samples.HelloWorld.ProjectReference.csproj", "{C34626FE-6FA1-4233-929A-4AFFEBEFD668}"
EndProject
Project("{9A19103F-16F7-4668-BE54-9A1E7A4F7556}") = "Automaty.Samples.HelloWorld.ProjectReference.ClassLibrary", "samples\Automaty.Samples.HelloWorld.ProjectReference.ClassLibrary\Automaty.Samples.HelloWorld.ProjectReference.ClassLibrary.csproj", "{69EFD5DC-578D-4569-A04B-54693D17FACA}"
EndProject
Project("{9A19103F-16F7-4668-BE54-9A1E7A4F7556}") = "Automaty.Samples.HelloWorld.ProjectReferenceMulti", "samples\Automaty.Samples.HelloWorld.ProjectReferenceMulti\Automaty.Samples.HelloWorld.ProjectReferenceMulti.csproj", "{6D95ABBB-35C5-48B7-B26F-8287ED4508FB}"
EndProject
Project("{9A19103F-16F7-4668-BE54-9A1E7A4F7556}") = "Automaty.Samples.HelloWorld.ProjectReferenceMulti.ClassLibrary", "samples\Automaty.Samples.HelloWorld.ProjectReferenceMulti.ClassLibrary\Automaty.Samples.HelloWorld.ProjectReferenceMulti.ClassLibrary.csproj", "{D9540AEE-5127-4105-A869-61C7FE087154}"
EndProject
Project("{9A19103F-16F7-4668-BE54-9A1E7A4F7556}") = "Automaty.Samples.HelloWorld.NuGetMulti", "samples\Automaty.Samples.HelloWorld.NuGetMulti\Automaty.Samples.HelloWorld.NuGetMulti.csproj", "{E435B3E5-CABD-4FC5-9155-ECFB3EF94541}"
EndProject
Global
	GlobalSection(SolutionConfigurationPlatforms) = preSolution
		Debug|Any CPU = Debug|Any CPU
		Release|Any CPU = Release|Any CPU
	EndGlobalSection
	GlobalSection(ProjectConfigurationPlatforms) = postSolution
		{220952CC-7296-4C6F-8033-AAFF13630D46}.Debug|Any CPU.ActiveCfg = Debug|Any CPU
		{220952CC-7296-4C6F-8033-AAFF13630D46}.Debug|Any CPU.Build.0 = Debug|Any CPU
		{220952CC-7296-4C6F-8033-AAFF13630D46}.Release|Any CPU.ActiveCfg = Release|Any CPU
		{220952CC-7296-4C6F-8033-AAFF13630D46}.Release|Any CPU.Build.0 = Release|Any CPU
		{1C5CA41F-81E1-42B0-9276-FCE3293B046C}.Debug|Any CPU.ActiveCfg = Debug|Any CPU
		{1C5CA41F-81E1-42B0-9276-FCE3293B046C}.Debug|Any CPU.Build.0 = Debug|Any CPU
		{1C5CA41F-81E1-42B0-9276-FCE3293B046C}.Release|Any CPU.ActiveCfg = Release|Any CPU
		{1C5CA41F-81E1-42B0-9276-FCE3293B046C}.Release|Any CPU.Build.0 = Release|Any CPU
		{B11CD0DD-9572-44AD-A5A9-6F328A594296}.Debug|Any CPU.ActiveCfg = Debug|Any CPU
		{B11CD0DD-9572-44AD-A5A9-6F328A594296}.Debug|Any CPU.Build.0 = Debug|Any CPU
		{B11CD0DD-9572-44AD-A5A9-6F328A594296}.Release|Any CPU.ActiveCfg = Release|Any CPU
		{B11CD0DD-9572-44AD-A5A9-6F328A594296}.Release|Any CPU.Build.0 = Release|Any CPU
		{EE2FB8B2-5C40-4180-A274-6CCED8BD3AC9}.Debug|Any CPU.ActiveCfg = Debug|Any CPU
		{EE2FB8B2-5C40-4180-A274-6CCED8BD3AC9}.Debug|Any CPU.Build.0 = Debug|Any CPU
		{EE2FB8B2-5C40-4180-A274-6CCED8BD3AC9}.Release|Any CPU.ActiveCfg = Release|Any CPU
		{EE2FB8B2-5C40-4180-A274-6CCED8BD3AC9}.Release|Any CPU.Build.0 = Release|Any CPU
		{E2EB09E7-0FCB-41F7-9F7C-22E75593D8E8}.Debug|Any CPU.ActiveCfg = Debug|Any CPU
		{E2EB09E7-0FCB-41F7-9F7C-22E75593D8E8}.Debug|Any CPU.Build.0 = Debug|Any CPU
		{E2EB09E7-0FCB-41F7-9F7C-22E75593D8E8}.Release|Any CPU.ActiveCfg = Release|Any CPU
		{E2EB09E7-0FCB-41F7-9F7C-22E75593D8E8}.Release|Any CPU.Build.0 = Release|Any CPU
		{9F69ECDE-7BBD-4F4E-A5FD-DCCDDDE4E82A}.Debug|Any CPU.ActiveCfg = Debug|Any CPU
		{9F69ECDE-7BBD-4F4E-A5FD-DCCDDDE4E82A}.Debug|Any CPU.Build.0 = Debug|Any CPU
		{9F69ECDE-7BBD-4F4E-A5FD-DCCDDDE4E82A}.Release|Any CPU.ActiveCfg = Release|Any CPU
		{9F69ECDE-7BBD-4F4E-A5FD-DCCDDDE4E82A}.Release|Any CPU.Build.0 = Release|Any CPU
		{601FABEF-FC41-42FD-95D0-C4E13212C246}.Debug|Any CPU.ActiveCfg = Debug|Any CPU
		{601FABEF-FC41-42FD-95D0-C4E13212C246}.Debug|Any CPU.Build.0 = Debug|Any CPU
		{601FABEF-FC41-42FD-95D0-C4E13212C246}.Release|Any CPU.ActiveCfg = Release|Any CPU
		{601FABEF-FC41-42FD-95D0-C4E13212C246}.Release|Any CPU.Build.0 = Release|Any CPU
		{9596E161-F6A4-4A75-AE82-8E45F65499C7}.Debug|Any CPU.ActiveCfg = Debug|Any CPU
		{9596E161-F6A4-4A75-AE82-8E45F65499C7}.Debug|Any CPU.Build.0 = Debug|Any CPU
		{9596E161-F6A4-4A75-AE82-8E45F65499C7}.Release|Any CPU.ActiveCfg = Release|Any CPU
		{9596E161-F6A4-4A75-AE82-8E45F65499C7}.Release|Any CPU.Build.0 = Release|Any CPU
		{EA26EABC-DE86-45EE-94E7-7AF939D9F00A}.Debug|Any CPU.ActiveCfg = Debug|Any CPU
		{EA26EABC-DE86-45EE-94E7-7AF939D9F00A}.Debug|Any CPU.Build.0 = Debug|Any CPU
		{EA26EABC-DE86-45EE-94E7-7AF939D9F00A}.Release|Any CPU.ActiveCfg = Release|Any CPU
		{EA26EABC-DE86-45EE-94E7-7AF939D9F00A}.Release|Any CPU.Build.0 = Release|Any CPU
		{C34626FE-6FA1-4233-929A-4AFFEBEFD668}.Debug|Any CPU.ActiveCfg = Debug|Any CPU
		{C34626FE-6FA1-4233-929A-4AFFEBEFD668}.Debug|Any CPU.Build.0 = Debug|Any CPU
		{C34626FE-6FA1-4233-929A-4AFFEBEFD668}.Release|Any CPU.ActiveCfg = Release|Any CPU
		{C34626FE-6FA1-4233-929A-4AFFEBEFD668}.Release|Any CPU.Build.0 = Release|Any CPU
		{69EFD5DC-578D-4569-A04B-54693D17FACA}.Debug|Any CPU.ActiveCfg = Debug|Any CPU
		{69EFD5DC-578D-4569-A04B-54693D17FACA}.Debug|Any CPU.Build.0 = Debug|Any CPU
		{69EFD5DC-578D-4569-A04B-54693D17FACA}.Release|Any CPU.ActiveCfg = Release|Any CPU
		{69EFD5DC-578D-4569-A04B-54693D17FACA}.Release|Any CPU.Build.0 = Release|Any CPU
		{6D95ABBB-35C5-48B7-B26F-8287ED4508FB}.Debug|Any CPU.ActiveCfg = Debug|Any CPU
		{6D95ABBB-35C5-48B7-B26F-8287ED4508FB}.Debug|Any CPU.Build.0 = Debug|Any CPU
		{6D95ABBB-35C5-48B7-B26F-8287ED4508FB}.Release|Any CPU.ActiveCfg = Release|Any CPU
		{6D95ABBB-35C5-48B7-B26F-8287ED4508FB}.Release|Any CPU.Build.0 = Release|Any CPU
		{D9540AEE-5127-4105-A869-61C7FE087154}.Debug|Any CPU.ActiveCfg = Debug|Any CPU
		{D9540AEE-5127-4105-A869-61C7FE087154}.Debug|Any CPU.Build.0 = Debug|Any CPU
		{D9540AEE-5127-4105-A869-61C7FE087154}.Release|Any CPU.ActiveCfg = Release|Any CPU
		{D9540AEE-5127-4105-A869-61C7FE087154}.Release|Any CPU.Build.0 = Release|Any CPU
		{E435B3E5-CABD-4FC5-9155-ECFB3EF94541}.Debug|Any CPU.ActiveCfg = Debug|Any CPU
		{E435B3E5-CABD-4FC5-9155-ECFB3EF94541}.Debug|Any CPU.Build.0 = Debug|Any CPU
		{E435B3E5-CABD-4FC5-9155-ECFB3EF94541}.Release|Any CPU.ActiveCfg = Release|Any CPU
		{E435B3E5-CABD-4FC5-9155-ECFB3EF94541}.Release|Any CPU.Build.0 = Release|Any CPU
	EndGlobalSection
	GlobalSection(SolutionProperties) = preSolution
		HideSolutionNode = FALSE
	EndGlobalSection
	GlobalSection(NestedProjects) = preSolution
		{220952CC-7296-4C6F-8033-AAFF13630D46} = {874F5886-0CC4-41FB-8499-55A489F9E06E}
		{1C5CA41F-81E1-42B0-9276-FCE3293B046C} = {874F5886-0CC4-41FB-8499-55A489F9E06E}
		{B11CD0DD-9572-44AD-A5A9-6F328A594296} = {9D11DE25-2EFE-4C76-8A16-9DC3D5445E6A}
		{EE2FB8B2-5C40-4180-A274-6CCED8BD3AC9} = {874F5886-0CC4-41FB-8499-55A489F9E06E}
		{E2EB09E7-0FCB-41F7-9F7C-22E75593D8E8} = {874F5886-0CC4-41FB-8499-55A489F9E06E}
		{9F69ECDE-7BBD-4F4E-A5FD-DCCDDDE4E82A} = {9D11DE25-2EFE-4C76-8A16-9DC3D5445E6A}
		{601FABEF-FC41-42FD-95D0-C4E13212C246} = {9D11DE25-2EFE-4C76-8A16-9DC3D5445E6A}
		{9596E161-F6A4-4A75-AE82-8E45F65499C7} = {9D11DE25-2EFE-4C76-8A16-9DC3D5445E6A}
		{EA26EABC-DE86-45EE-94E7-7AF939D9F00A} = {8B9BC527-C055-4293-A167-F66187643822}
		{C34626FE-6FA1-4233-929A-4AFFEBEFD668} = {9D11DE25-2EFE-4C76-8A16-9DC3D5445E6A}
		{69EFD5DC-578D-4569-A04B-54693D17FACA} = {9D11DE25-2EFE-4C76-8A16-9DC3D5445E6A}
		{6D95ABBB-35C5-48B7-B26F-8287ED4508FB} = {9D11DE25-2EFE-4C76-8A16-9DC3D5445E6A}
		{D9540AEE-5127-4105-A869-61C7FE087154} = {9D11DE25-2EFE-4C76-8A16-9DC3D5445E6A}
		{E435B3E5-CABD-4FC5-9155-ECFB3EF94541} = {9D11DE25-2EFE-4C76-8A16-9DC3D5445E6A}
	EndGlobalSection
	GlobalSection(ExtensibilityGlobals) = postSolution
		SolutionGuid = {66B435B7-92D4-405C-BCAE-30EAE83609FD}
	EndGlobalSection
EndGlobal
